#MicroXplorer Configuration settings - do not modify
Mcu.Family=STM32F4
NVIC.USART3_IRQn=true\:0\:0\:false\:false\:true\:true\:true
ProjectManager.MainLocation=Core/Src
PA6.Mode=Full_Duplex_Master
Dma.SPI1_TX.0.MemInc=DMA_MINC_ENABLE
PH0-OSC_IN.Signal=RCC_OSC_IN
VP_SYS_VS_tim6.Mode=TIM6
Dma.SPI1_TX.0.PeriphInc=DMA_PINC_DISABLE
USART2.IPParameters=VirtualMode
RCC.CortexFreq_Value=84000000
Dma.SPI1_RX.1.Mode=DMA_CIRCULAR
Dma.SPI1_RX.1.FIFOMode=DMA_FIFOMODE_DISABLE
ProjectManager.KeepUserCode=true
Mcu.UserName=STM32F407VETx
SPI1.VirtualType=VM_MASTER
PB10.Mode=Asynchronous
NVIC.TIM6_DAC_IRQn=true\:0\:0\:false\:false\:true\:false\:true
PC12.Locked=true
PC10.Locked=true
RCC.PLLCLKFreq_Value=168000000
PC10.Signal=UART4_TX
PC12.Signal=UART5_TX
RCC.PLLQCLKFreq_Value=84000000
PC7.Locked=true
ProjectManager.functionlistsort=1-MX_GPIO_Init-GPIO-false-HAL-true,2-MX_DMA_Init-DMA-false-HAL-true,3-SystemClock_Config-RCC-false-HAL-false,4-MX_USART2_UART_Init-USART2-false-HAL-true,5-MX_USART1_UART_Init-USART1-false-HAL-true,6-MX_UART4_Init-UART4-false-HAL-true,7-MX_UART5_Init-UART5-false-HAL-true,8-MX_USART6_UART_Init-USART6-false-HAL-true,9-MX_SPI1_Init-SPI1-false-HAL-true,10-MX_TIM1_Init-TIM1-false-HAL-true,11-MX_TIM7_Init-TIM7-false-HAL-true,12-MX_USART3_UART_Init-USART3-false-HAL-true,13-MX_RTC_Init-RTC-false-HAL-true
PA2.GPIO_Speed=GPIO_SPEED_FREQ_VERY_HIGH
VP_RTC_VS_RTC_Activate.Mode=RTC_Enabled
PC3.Locked=true
RCC.RTCFreq_Value=32000
PD2.Locked=true
VP_RTC_VS_RTC_Calendar.Signal=RTC_VS_RTC_Calendar
USART1.IPParameters=VirtualMode
PC1.Locked=true
PB11.Signal=USART3_RX
PB13.Signal=GPIO_Input
PB15.Signal=GPIO_Input
PA2.GPIOParameters=GPIO_Speed
PinOutPanel.RotationAngle=0
RCC.SYSCLKSource=RCC_SYSCLKSOURCE_PLLCLK
ProjectManager.StackSize=0x400
NVIC.UART5_IRQn=true\:0\:0\:false\:false\:true\:true\:true
VP_TIM7_VS_ClockSourceINT.Mode=Enable_Timer
Mcu.IP4=SPI1
SH.GPXTI7.ConfNb=1
RCC.FCLKCortexFreq_Value=84000000
Mcu.IP5=SYS
NVIC.SVCall_IRQn=true\:0\:0\:false\:false\:true\:false\:false
Mcu.IP2=RCC
Mcu.IP3=RTC
Mcu.IP0=DMA
Mcu.IP1=NVIC
Mcu.UserConstants=
VP_TIM1_VS_ControllerModeTrigger.Signal=TIM1_VS_ControllerModeTrigger
Mcu.ThirdPartyNb=0
Dma.SPI1_RX.1.PeriphInc=DMA_PINC_DISABLE
SPI1.Direction=SPI_DIRECTION_2LINES
RCC.HCLKFreq_Value=84000000
Mcu.IPNb=14
RCC.I2SClocksFreq_Value=192000000
ProjectManager.PreviousToolchain=
RCC.APB2TimFreq_Value=84000000
RCC.VcooutputI2S=192000000
PC7.Signal=USART6_RX
SPI1.CalculateBaudRate=10.5 MBits/s
PC3.Signal=GPIO_Output
Mcu.Pin6=PA4
Mcu.Pin7=PA5
NVIC.DMA2_Stream0_IRQn=true\:0\:0\:false\:false\:true\:false\:true
Mcu.Pin8=PA6
Mcu.Pin9=PA7
RCC.AHBFreq_Value=84000000
PH0-OSC_IN.Mode=HSE-External-Oscillator
PB13.Locked=true
Mcu.Pin0=PH0-OSC_IN
Mcu.Pin1=PH1-OSC_OUT
GPIO.groupedBy=Group By Peripherals
Mcu.Pin2=PC1
Mcu.Pin3=PC3
Mcu.Pin4=PA2
Mcu.Pin5=PA3
ProjectManager.ProjectBuild=false
RCC.HSE_VALUE=25000000
NVIC.UsageFault_IRQn=true\:0\:0\:false\:false\:true\:false\:false
NVIC.DebugMonitor_IRQn=true\:0\:0\:false\:false\:true\:false\:false
PB3.Mode=Trace_Asynchronous_SW
Dma.SPI1_RX.1.Priority=DMA_PRIORITY_LOW
PA4.Locked=true
Mcu.IP10=USART1
NVIC.SysTick_IRQn=true\:0\:0\:false\:false\:true\:false\:true
Mcu.IP12=USART3
Mcu.IP11=USART2
SH.GPXTI7.0=GPIO_EXTI7
ProjectManager.FirmwarePackage=STM32Cube FW_F4 V1.26.1
MxDb.Version=DB.6.0.21
VP_TIM7_VS_ClockSourceINT.Signal=TIM7_VS_ClockSourceINT
Mcu.IP13=USART6
ProjectManager.BackupPrevious=false
RCC.VCOInputFreq_Value=2000000
PA14.Mode=Trace_Asynchronous_SW
File.Version=6
NVIC.PendSV_IRQn=true\:0\:0\:false\:false\:true\:false\:false
Dma.RequestsNb=2
ProjectManager.HalAssertFull=false
VP_TIM1_VS_ClockSourceINT.Mode=Internal
Dma.SPI1_RX.1.Direction=DMA_PERIPH_TO_MEMORY
ProjectManager.ProjectName=STM407-gto
PH1-OSC_OUT.Mode=HSE-External-Oscillator
Dma.SPI1_TX.0.Mode=DMA_NORMAL
RCC.MCO2PinFreq_Value=168000000
Mcu.Package=LQFP100
PB9.Signal=GPIO_Output
PA6.Signal=SPI1_MISO
PA7.Locked=true
PA5.Locked=true
NVIC.TimeBase=TIM6_DAC_IRQn
USART2.VirtualMode=VM_ASYNC
USART6.VirtualMode=VM_ASYNC
ProjectManager.ToolChainLocation=
RCC.LSI_VALUE=32000
NVIC.TimeBaseIP=TIM6
USART3.IPParameters=VirtualMode
PA10.Signal=USART1_RX
VP_RTC_VS_RTC_Calendar.Mode=RTC_Calendar
PA15.Signal=GPIO_Output
UART5.IPParameters=VirtualMode
PC11.Mode=Asynchronous
Dma.Request1=SPI1_RX
RCC.APB1TimFreq_Value=84000000
NVIC.BusFault_IRQn=true\:0\:0\:false\:false\:true\:false\:false
PC4.Locked=true
PE7.Signal=GPXTI7
NVIC.USART1_IRQn=true\:0\:0\:false\:true\:true\:2\:true\:true
Dma.Request0=SPI1_TX
SPI1.BaudRatePrescaler=SPI_BAUDRATEPRESCALER_8
Dma.SPI1_RX.1.MemInc=DMA_MINC_ENABLE
NVIC.TIM7_IRQn=true\:0\:0\:false\:false\:true\:true\:true
ProjectManager.CustomerFirmwarePackage=
VP_TIM1_VS_ControllerModeTrigger.Mode=Trigger Mode
PB15.Locked=true
PB4.Signal=GPIO_Output
PA3.Signal=USART2_RX
NVIC.UART4_IRQn=true\:0\:0\:false\:false\:true\:true\:true
PA5.Mode=Full_Duplex_Master
PA2.Locked=true
Dma.SPI1_RX.1.Instance=DMA2_Stream0
VP_RTC_VS_RTC_Activate.Signal=RTC_VS_RTC_Activate
ProjectManager.ProjectFileName=STM407-gto.ioc
PA7.Mode=Full_Duplex_Master
UART4.IPParameters=VirtualMode
PA10.Mode=Asynchronous
Mcu.PinsNb=41
ProjectManager.NoMain=false
PC11.Locked=true
SPI1.IPParameters=VirtualType,Mode,Direction,CalculateBaudRate,BaudRatePrescaler
USART6.IPParameters=VirtualMode
Dma.SPI1_RX.1.MemDataAlignment=DMA_MDATAALIGN_BYTE
PC11.Signal=UART4_RX
PC4.Signal=GPIO_Output
PC6.Signal=USART6_TX
PC10.Mode=Asynchronous
ProjectManager.DefaultFWLocation=true
PB12.Locked=true
ProjectManager.DeletePrevious=true
UART5.VirtualMode=Asynchronous
PB14.Locked=true
RCC.APB1CLKDivider=RCC_HCLK_DIV2
UART4.VirtualMode=Asynchronous
PB10.Locked=true
NVIC.USART2_IRQn=true\:0\:0\:false\:false\:true\:true\:true
RCC.FamilyName=M
NVIC.USART6_IRQn=true\:0\:0\:false\:true\:true\:3\:true\:true
PA3.Mode=Asynchronous
PA13.Signal=SYS_JTMS-SWDIO
Dma.SPI1_TX.0.FIFOMode=DMA_FIFOMODE_DISABLE
PA15.Locked=true
PA9.Mode=Asynchronous
Dma.SPI1_TX.0.RequestParameters=Instance,Direction,PeriphInc,MemInc,PeriphDataAlignment,MemDataAlignment,Mode,Priority,FIFOMode
VP_TIM1_VS_ClockSourceITR.Signal=TIM1_VS_ClockSourceITR
PB11.Mode=Asynchronous
ProjectManager.TargetToolchain=STM32CubeIDE
PC6.Mode=Asynchronous
Dma.SPI1_TX.0.PeriphDataAlignment=DMA_PDATAALIGN_BYTE
Dma.SPI1_TX.0.Direction=DMA_MEMORY_TO_PERIPH
PC6.Locked=true
PA9.Signal=USART1_TX
VP_TIM1_VS_ClockSourceINT.Signal=TIM1_VS_ClockSourceINT
VP_TIM1_VS_ClockSourceITR.Mode=TriggerSource_ITR0
PB5.Locked=true
PB9.Locked=true
ProjectManager.RegisterCallBack=
PE0.Locked=true
NVIC.DMA2_Stream3_IRQn=true\:0\:0\:false\:false\:true\:false\:true
RCC.LSE_VALUE=32768
PB10.Signal=USART3_TX
RCC.VCOI2SOutputFreq_Value=384000000
PB14.Signal=GPIO_Input
PD2.Mode=Asynchronous
PA5.Signal=SPI1_SCK
Mcu.Pin40=VP_TIM7_VS_ClockSourceINT
Dma.SPI1_RX.1.RequestParameters=Instance,Direction,PeriphInc,MemInc,PeriphDataAlignment,MemDataAlignment,Mode,Priority,FIFOMode
PC12.Mode=Asynchronous
TIM7.Prescaler=41
board=custom
RCC.VCOOutputFreq_Value=336000000
ProjectManager.LastFirmware=false
NVIC.SPI1_IRQn=true\:0\:0\:false\:false\:true\:true\:true
VP_SYS_VS_tim6.Signal=SYS_VS_tim6
RCC.APB2Freq_Value=84000000
TIM7.IPParameters=Prescaler
MxCube.Version=6.2.1
Mcu.Pin37=VP_TIM1_VS_ControllerModeTrigger
Mcu.Pin38=VP_TIM1_VS_ClockSourceINT
Mcu.Pin35=VP_RTC_VS_RTC_Calendar
Mcu.Pin36=VP_SYS_VS_tim6
SPI1.Mode=SPI_MODE_MASTER
Mcu.Pin39=VP_TIM1_VS_ClockSourceITR
Mcu.Pin30=PB4
RCC.EthernetFreq_Value=168000000
Mcu.Pin33=PE0
PH1-OSC_OUT.Signal=RCC_OSC_OUT
Mcu.Pin34=VP_RTC_VS_RTC_Activate
Mcu.Pin31=PB5
Mcu.Pin32=PB9
Dma.SPI1_TX.0.Instance=DMA2_Stream3
PA9.Locked=true
NVIC.NonMaskableInt_IRQn=true\:0\:0\:false\:false\:true\:false\:false
RCC.AHBCLKDivider=RCC_SYSCLK_DIV2
PE7.Locked=true
PA13.Mode=Trace_Asynchronous_SW
ProjectManager.FreePins=false
RCC.IPParameters=48MHZClocksFreq_Value,AHBCLKDivider,AHBFreq_Value,APB1CLKDivider,APB1Freq_Value,APB1TimFreq_Value,APB2Freq_Value,APB2TimFreq_Value,CortexFreq_Value,EthernetFreq_Value,FCLKCortexFreq_Value,FamilyName,HCLKFreq_Value,HSE_VALUE,HSI_VALUE,I2SClocksFreq_Value,LSE_VALUE,LSI_VALUE,MCO2PinFreq_Value,PLLCLKFreq_Value,PLLM,PLLN,PLLQCLKFreq_Value,RTCFreq_Value,RTCHSEDivFreq_Value,SYSCLKFreq_VALUE,SYSCLKSource,VCOI2SOutputFreq_Value,VCOInputFreq_Value,VCOOutputFreq_Value,VcooutputI2S
ProjectManager.AskForMigrate=true
PE0.Signal=GPIO_Output
Mcu.Name=STM32F407V(E-G)Tx
Mcu.Pin26=PC11
Mcu.Pin27=PC12
RCC.RTCHSEDivFreq_Value=12500000
PA2.Signal=USART2_TX
Mcu.Pin24=PA15
ProjectManager.UnderRoot=true
Mcu.Pin25=PC10
Mcu.IP8=UART4
Mcu.IP9=UART5
Mcu.Pin28=PD2
Dma.SPI1_RX.1.PeriphDataAlignment=DMA_PDATAALIGN_BYTE
Mcu.IP6=TIM1
Mcu.Pin29=PB3
Mcu.IP7=TIM7
ProjectManager.CoupleFile=false
PB4.Locked=true
RCC.48MHZClocksFreq_Value=84000000
PB3.Signal=SYS_JTDO-SWO
PA4.Signal=SPI1_NSS
RCC.SYSCLKFreq_VALUE=168000000
PB5.Signal=GPIO_Output
Mcu.Pin22=PA13
Mcu.Pin23=PA14
Mcu.Pin20=PA9
Mcu.Pin21=PA10
PA3.Locked=true
PA10.Locked=true
NVIC.ForceEnableDMAVector=true
KeepUserPlacement=false
USART3.VirtualMode=VM_ASYNC
NVIC.MemoryManagement_IRQn=true\:0\:0\:false\:false\:true\:false\:false
USART1.VirtualMode=VM_ASYNC
ProjectManager.CompilerOptimize=6
PA14.Signal=SYS_JTCK-SWCLK
ProjectManager.HeapSize=0x200
Mcu.Pin15=PB13
Dma.SPI1_TX.0.MemDataAlignment=DMA_MDATAALIGN_BYTE
Dma.SPI1_TX.0.Priority=DMA_PRIORITY_LOW
NVIC.HardFault_IRQn=true\:0\:0\:false\:false\:true\:false\:false
Mcu.Pin16=PB14
Mcu.Pin13=PB11
Mcu.Pin14=PB12
Mcu.Pin19=PC7
ProjectManager.ComputerToolchain=false
Mcu.Pin17=PB15
RCC.HSI_VALUE=16000000
Mcu.Pin18=PC6
NVIC.PriorityGroup=NVIC_PRIORITYGROUP_4
Mcu.Pin11=PE7
Mcu.Pin12=PB10
RCC.PLLM=8
RCC.PLLN=168
Mcu.Pin10=PC4
PA2.Mode=Asynchronous
PC7.Mode=Asynchronous
PD2.Signal=UART5_RX
RCC.APB1Freq_Value=42000000
PB11.Locked=true
ProjectManager.DeviceId=STM32F407VETx
PC1.Signal=GPIO_Output
PB12.Signal=GPIO_Input
ProjectManager.LibraryCopy=1
PA7.Signal=SPI1_MOSI
isbadioc=false
